
Microsoft Visual Studio Solution File, Format Version 12.00
# Visual Studio 2012
Project("{FAE04EC0-301F-11D3-BF4B-00C04F79EFBC}") = "ContosoUniversity", "ContosoUniversity\ContosoUniversity.csproj", "{607DBB8E-DE8B-4146-ADB4-A827900F9CB5}"
EndProject
Global
	GlobalSection(SolutionConfigurationPlatforms) = preSolution
		Debug|Any CPU = Debug|Any CPU
		Release|Any CPU = Release|Any CPU
	EndGlobalSection
	GlobalSection(ProjectConfigurationPlatforms) = postSolution
		{607DBB8E-DE8B-4146-ADB4-A827900F9CB5}.Debug|Any CPU.ActiveCfg = Debug|Any CPU
		{607DBB8E-DE8B-4146-ADB4-A827900F9CB5}.Debug|Any CPU.Build.0 = Debug|Any CPU
		{607DBB8E-DE8B-4146-ADB4-A827900F9CB5}.Release|Any CPU.ActiveCfg = Release|Any CPU
		{607DBB8E-DE8B-4146-ADB4-A827900F9CB5}.Release|Any CPU.Build.0 = Release|Any CPU
	EndGlobalSection
EndGlobal
